// !$*UTF8*$!
{
	archiveVersion = 1;
	classes = {
	};
	objectVersion = 50;
	objects = {

/* Begin PBXBuildFile section */
		04EA5DC12147A80C00AE1587 /* AppDelegate.swift in Sources */ = {isa = PBXBuildFile; fileRef = 04EA5DC02147A80C00AE1587 /* AppDelegate.swift */; };
		04EA5DC32147A80C00AE1587 /* ViewController.swift in Sources */ = {isa = PBXBuildFile; fileRef = 04EA5DC22147A80C00AE1587 /* ViewController.swift */; };
		04EA5DC62147A80C00AE1587 /* Main.storyboard in Resources */ = {isa = PBXBuildFile; fileRef = 04EA5DC42147A80C00AE1587 /* Main.storyboard */; };
		04EA5DC82147A80E00AE1587 /* Assets.xcassets in Resources */ = {isa = PBXBuildFile; fileRef = 04EA5DC72147A80E00AE1587 /* Assets.xcassets */; };
		04EA5DCB2147A80E00AE1587 /* LaunchScreen.storyboard in Resources */ = {isa = PBXBuildFile; fileRef = 04EA5DC92147A80E00AE1587 /* LaunchScreen.storyboard */; };
		04EA5DD52147A87900AE1587 /* TestUI.xib in Resources */ = {isa = PBXBuildFile; fileRef = 04EA5DD22147A87800AE1587 /* TestUI.xib */; };
		04EA5DD62147A87900AE1587 /* TestUI.swift in Sources */ = {isa = PBXBuildFile; fileRef = 04EA5DD32147A87800AE1587 /* TestUI.swift */; };
		04EA5DD72147A87900AE1587 /* TestSetting.swift in Sources */ = {isa = PBXBuildFile; fileRef = 04EA5DD42147A87800AE1587 /* TestSetting.swift */; };
		63FA18CB9B2E03AEB5279C29 /* Pods_Whoewx3YExample.framework in Frameworks */ = {isa = PBXBuildFile; fileRef = 1D148FF96DDB890F11745F5A /* Pods_Whoewx3YExample.framework */; };
/* End PBXBuildFile section */

/* Begin PBXFileReference section */
		04EA5DBD2147A80C00AE1587 /* Whoewx3YExample.app */ = {isa = PBXFileReference; explicitFileType = wrapper.application; includeInIndex = 0; path = Whoewx3YExample.app; sourceTree = BUILT_PRODUCTS_DIR; };
		04EA5DC02147A80C00AE1587 /* AppDelegate.swift */ = {isa = PBXFileReference; lastKnownFileType = sourcecode.swift; path = AppDelegate.swift; sourceTree = "<group>"; };
		04EA5DC22147A80C00AE1587 /* ViewController.swift */ = {isa = PBXFileReference; lastKnownFileType = sourcecode.swift; path = ViewController.swift; sourceTree = "<group>"; };
		04EA5DC52147A80C00AE1587 /* Base */ = {isa = PBXFileReference; lastKnownFileType = file.storyboard; name = Base; path = Base.lproj/Main.storyboard; sourceTree = "<group>"; };
		04EA5DC72147A80E00AE1587 /* Assets.xcassets */ = {isa = PBXFileReference; lastKnownFileType = folder.assetcatalog; path = Assets.xcassets; sourceTree = "<group>"; };
		04EA5DCA2147A80E00AE1587 /* Base */ = {isa = PBXFileReference; lastKnownFileType = file.storyboard; name = Base; path = Base.lproj/LaunchScreen.storyboard; sourceTree = "<group>"; };
		04EA5DCC2147A80E00AE1587 /* Info.plist */ = {isa = PBXFileReference; lastKnownFileType = text.plist.xml; path = Info.plist; sourceTree = "<group>"; };
		04EA5DD22147A87800AE1587 /* TestUI.xib */ = {isa = PBXFileReference; fileEncoding = 4; lastKnownFileType = file.xib; path = TestUI.xib; sourceTree = "<group>"; };
		04EA5DD32147A87800AE1587 /* TestUI.swift */ = {isa = PBXFileReference; fileEncoding = 4; lastKnownFileType = sourcecode.swift; path = TestUI.swift; sourceTree = "<group>"; };
		04EA5DD42147A87800AE1587 /* TestSetting.swift */ = {isa = PBXFileReference; fileEncoding = 4; lastKnownFileType = sourcecode.swift; path = TestSetting.swift; sourceTree = "<group>"; };
		1D148FF96DDB890F11745F5A /* Pods_Whoewx3YExample.framework */ = {isa = PBXFileReference; explicitFileType = wrapper.framework; includeInIndex = 0; path = Pods_Whoewx3YExample.framework; sourceTree = BUILT_PRODUCTS_DIR; };
		4E78EA214F6A6109884874CB /* Pods-Whoewx3YExample.release.xcconfig */ = {isa = PBXFileReference; includeInIndex = 1; lastKnownFileType = text.xcconfig; name = "Pods-Whoewx3YExample.release.xcconfig"; path = "Target Support Files/Pods-Whoewx3YExample/Pods-Whoewx3YExample.release.xcconfig"; sourceTree = "<group>"; };
		9F4DA0E142795FAFF69B48A9 /* Pods-Whoewx3YExample.debug.xcconfig */ = {isa = PBXFileReference; includeInIndex = 1; lastKnownFileType = text.xcconfig; name = "Pods-Whoewx3YExample.debug.xcconfig"; path = "Target Support Files/Pods-Whoewx3YExample/Pods-Whoewx3YExample.debug.xcconfig"; sourceTree = "<group>"; };
/* End PBXFileReference section */

/* Begin PBXFrameworksBuildPhase section */
		04EA5DBA2147A80C00AE1587 /* Frameworks */ = {
			isa = PBXFrameworksBuildPhase;
			buildActionMask = 2147483647;
			files = (
				63FA18CB9B2E03AEB5279C29 /* Pods_Whoewx3YExample.framework in Frameworks */,
			);
			runOnlyForDeploymentPostprocessing = 0;
		};
/* End PBXFrameworksBuildPhase section */

/* Begin PBXGroup section */
		04EA5DB42147A80C00AE1587 = {
			isa = PBXGroup;
			children = (
				04EA5DBF2147A80C00AE1587 /* Whoewx3yExample */,
				04EA5DBE2147A80C00AE1587 /* Products */,
				5E626B8779A98BB070A251F7 /* Pods */,
				D91AF86900D3113F1F988301 /* Frameworks */,
			);
			sourceTree = "<group>";
		};
		04EA5DBE2147A80C00AE1587 /* Products */ = {
			isa = PBXGroup;
			children = (
				04EA5DBD2147A80C00AE1587 /* Whoewx3YExample.app */,
			);
			name = Products;
			sourceTree = "<group>";
		};
		04EA5DBF2147A80C00AE1587 /* Whoewx3yExample */ = {
			isa = PBXGroup;
			children = (
				04EA5DC02147A80C00AE1587 /* AppDelegate.swift */,
				04EA5DC22147A80C00AE1587 /* ViewController.swift */,
				04EA5DD42147A87800AE1587 /* TestSetting.swift */,
				04EA5DD32147A87800AE1587 /* TestUI.swift */,
				04EA5DD22147A87800AE1587 /* TestUI.xib */,
				04EA5DC42147A80C00AE1587 /* Main.storyboard */,
				04EA5DC72147A80E00AE1587 /* Assets.xcassets */,
				04EA5DC92147A80E00AE1587 /* LaunchScreen.storyboard */,
				04EA5DCC2147A80E00AE1587 /* Info.plist */,
			);
			path = Whoewx3yExample;
			sourceTree = "<group>";
		};
		5E626B8779A98BB070A251F7 /* Pods */ = {
			isa = PBXGroup;
			children = (
				9F4DA0E142795FAFF69B48A9 /* Pods-Whoewx3YExample.debug.xcconfig */,
				4E78EA214F6A6109884874CB /* Pods-Whoewx3YExample.release.xcconfig */,
			);
			name = Pods;
			path = Pods;
			sourceTree = "<group>";
		};
		D91AF86900D3113F1F988301 /* Frameworks */ = {
			isa = PBXGroup;
			children = (
				1D148FF96DDB890F11745F5A /* Pods_Whoewx3YExample.framework */,
			);
			name = Frameworks;
			sourceTree = "<group>";
		};
/* End PBXGroup section */

/* Begin PBXNativeTarget section */
		04EA5DBC2147A80C00AE1587 /* Whoewx3YExample */ = {
			isa = PBXNativeTarget;
			buildConfigurationList = 04EA5DCF2147A80E00AE1587 /* Build configuration list for PBXNativeTarget "Whoewx3YExample" */;
			buildPhases = (
				201CA137C9F3F9692B0F1239 /* [CP] Check Pods Manifest.lock */,
				04EA5DB92147A80C00AE1587 /* Sources */,
				04EA5DBA2147A80C00AE1587 /* Frameworks */,
				04EA5DBB2147A80C00AE1587 /* Resources */,
				F7094612B5E25E9D97DA022B /* [CP] Embed Pods Frameworks */,
			);
			buildRules = (
			);
			dependencies = (
			);
			name = Whoewx3YExample;
			productName = Whoewx3YExample;
			productReference = 04EA5DBD2147A80C00AE1587 /* Whoewx3YExample.app */;
			productType = "com.apple.product-type.application";
		};
/* End PBXNativeTarget section */

/* Begin PBXProject section */
		04EA5DB52147A80C00AE1587 /* Project object */ = {
			isa = PBXProject;
			attributes = {
				LastSwiftUpdateCheck = 0940;
				LastUpgradeCheck = 0940;
				ORGANIZATIONNAME = "Nutdanai Charoenpanichsanti";
				TargetAttributes = {
					04EA5DBC2147A80C00AE1587 = {
						CreatedOnToolsVersion = 9.4.1;
					};
				};
			};
			buildConfigurationList = 04EA5DB82147A80C00AE1587 /* Build configuration list for PBXProject "Whoewx3yExample" */;
			compatibilityVersion = "Xcode 9.3";
			developmentRegion = en;
			hasScannedForEncodings = 0;
			knownRegions = (
				en,
				Base,
			);
			mainGroup = 04EA5DB42147A80C00AE1587;
			productRefGroup = 04EA5DBE2147A80C00AE1587 /* Products */;
			projectDirPath = "";
			projectRoot = "";
			targets = (
				04EA5DBC2147A80C00AE1587 /* Whoewx3YExample */,
			);
		};
/* End PBXProject section */

/* Begin PBXResourcesBuildPhase section */
		04EA5DBB2147A80C00AE1587 /* Resources */ = {
			isa = PBXResourcesBuildPhase;
			buildActionMask = 2147483647;
			files = (
				04EA5DCB2147A80E00AE1587 /* LaunchScreen.storyboard in Resources */,
				04EA5DD52147A87900AE1587 /* TestUI.xib in Resources */,
				04EA5DC82147A80E00AE1587 /* Assets.xcassets in Resources */,
				04EA5DC62147A80C00AE1587 /* Main.storyboard in Resources */,
			);
			runOnlyForDeploymentPostprocessing = 0;
		};
/* End PBXResourcesBuildPhase section */

/* Begin PBXShellScriptBuildPhase section */
		201CA137C9F3F9692B0F1239 /* [CP] Check Pods Manifest.lock */ = {
			isa = PBXShellScriptBuildPhase;
			buildActionMask = 2147483647;
			files = (
			);
			inputFileListPaths = (
			);
			inputPaths = (
				"${PODS_PODFILE_DIR_PATH}/Podfile.lock",
				"${PODS_ROOT}/Manifest.lock",
			);
			name = "[CP] Check Pods Manifest.lock";
			outputFileListPaths = (
			);
			outputPaths = (
				"$(DERIVED_FILE_DIR)/Pods-Whoewx3YExample-checkManifestLockResult.txt",
			);
			runOnlyForDeploymentPostprocessing = 0;
			shellPath = /bin/sh;
			shellScript = "diff \"${PODS_PODFILE_DIR_PATH}/Podfile.lock\" \"${PODS_ROOT}/Manifest.lock\" > /dev/null\nif [ $? != 0 ] ; then\n    # print error to STDERR\n    echo \"error: The sandbox is not in sync with the Podfile.lock. Run 'pod install' or update your CocoaPods installation.\" >&2\n    exit 1\nfi\n# This output is used by Xcode 'outputs' to avoid re-running this script phase.\necho \"SUCCESS\" > \"${SCRIPT_OUTPUT_FILE_0}\"\n";
			showEnvVarsInLog = 0;
		};
		F7094612B5E25E9D97DA022B /* [CP] Embed Pods Frameworks */ = {
			isa = PBXShellScriptBuildPhase;
			buildActionMask = 2147483647;
			files = (
			);
			inputFileListPaths = (
			);
			inputPaths = (
				"${PODS_ROOT}/Target Support Files/Pods-Whoewx3YExample/Pods-Whoewx3YExample-frameworks.sh",
				"${BUILT_PRODUCTS_DIR}/whoewx3y/whoewx3y.framework",
			);
			name = "[CP] Embed Pods Frameworks";
			outputFileListPaths = (
			);
			outputPaths = (
				"${TARGET_BUILD_DIR}/${FRAMEWORKS_FOLDER_PATH}/whoewx3y.framework",
			);
			runOnlyForDeploymentPostprocessing = 0;
			shellPath = /bin/sh;
			shellScript = "\"${PODS_ROOT}/Target Support Files/Pods-Whoewx3YExample/Pods-Whoewx3YExample-frameworks.sh\"\n";
			showEnvVarsInLog = 0;
		};
/* End PBXShellScriptBuildPhase section */

/* Begin PBXSourcesBuildPhase section */
		04EA5DB92147A80C00AE1587 /* Sources */ = {
			isa = PBXSourcesBuildPhase;
			buildActionMask = 2147483647;
			files = (
				04EA5DC32147A80C00AE1587 /* ViewController.swift in Sources */,
				04EA5DD62147A87900AE1587 /* TestUI.swift in Sources */,
				04EA5DD72147A87900AE1587 /* TestSetting.swift in Sources */,
				04EA5DC12147A80C00AE1587 /* AppDelegate.swift in Sources */,
			);
			runOnlyForDeploymentPostprocessing = 0;
		};
/* End PBXSourcesBuildPhase section */

/* Begin PBXVariantGroup section */
		04EA5DC42147A80C00AE1587 /* Main.storyboard */ = {
			isa = PBXVariantGroup;
			children = (
				04EA5DC52147A80C00AE1587 /* Base */,
			);
			name = Main.storyboard;
			sourceTree = "<group>";
		};
		04EA5DC92147A80E00AE1587 /* LaunchScreen.storyboard */ = {
			isa = PBXVariantGroup;
			children = (
				04EA5DCA2147A80E00AE1587 /* Base */,
			);
			name = LaunchScreen.storyboard;
			sourceTree = "<group>";
		};
/* End PBXVariantGroup section */

/* Begin XCBuildConfiguration section */
		04EA5DCD2147A80E00AE1587 /* Debug */ = {
			isa = XCBuildConfiguration;
			buildSettings = {
				ALWAYS_SEARCH_USER_PATHS = NO;
				CLANG_ANALYZER_NONNULL = YES;
				CLANG_ANALYZER_NUMBER_OBJECT_CONVERSION = YES_AGGRESSIVE;
				CLANG_CXX_LANGUAGE_STANDARD = "gnu++14";
				CLANG_CXX_LIBRARY = "libc++";
				CLANG_ENABLE_MODULES = YES;
				CLANG_ENABLE_OBJC_ARC = YES;
				CLANG_ENABLE_OBJC_WEAK = YES;
				CLANG_WARN_BLOCK_CAPTURE_AUTORELEASING = YES;
				CLANG_WARN_BOOL_CONVERSION = YES;
				CLANG_WARN_COMMA = YES;
				CLANG_WARN_CONSTANT_CONVERSION = YES;
				CLANG_WARN_DEPRECATED_OBJC_IMPLEMENTATIONS = YES;
				CLANG_WARN_DIRECT_OBJC_ISA_USAGE = YES_ERROR;
				CLANG_WARN_DOCUMENTATION_COMMENTS = YES;
				CLANG_WARN_EMPTY_BODY = YES;
				CLANG_WARN_ENUM_CONVERSION = YES;
				CLANG_WARN_INFINITE_RECURSION = YES;
				CLANG_WARN_INT_CONVERSION = YES;
				CLANG_WARN_NON_LITERAL_NULL_CONVERSION = YES;
				CLANG_WARN_OBJC_IMPLICIT_RETAIN_SELF = YES;
				CLANG_WARN_OBJC_LITERAL_CONVERSION = YES;
				CLANG_WARN_OBJC_ROOT_CLASS = YES_ERROR;
				CLANG_WARN_RANGE_LOOP_ANALYSIS = YES;
				CLANG_WARN_STRICT_PROTOTYPES = YES;
				CLANG_WARN_SUSPICIOUS_MOVE = YES;
				CLANG_WARN_UNGUARDED_AVAILABILITY = YES_AGGRESSIVE;
				CLANG_WARN_UNREACHABLE_CODE = YES;
				CLANG_WARN__DUPLICATE_METHOD_MATCH = YES;
				CODE_SIGN_IDENTITY = "iPhone Developer";
				COPY_PHASE_STRIP = NO;
				DEBUG_INFORMATION_FORMAT = dwarf;
				ENABLE_STRICT_OBJC_MSGSEND = YES;
				ENABLE_TESTABILITY = YES;
				GCC_C_LANGUAGE_STANDARD = gnu11;
				GCC_DYNAMIC_NO_PIC = NO;
				GCC_NO_COMMON_BLOCKS = YES;
				GCC_OPTIMIZATION_LEVEL = 0;
				GCC_PREPROCESSOR_DEFINITIONS = (
					"DEBUG=1",
					"$(inherited)",
				);
				GCC_WARN_64_TO_32_BIT_CONVERSION = YES;
				GCC_WARN_ABOUT_RETURN_TYPE = YES_ERROR;
				GCC_WARN_UNDECLARED_SELECTOR = YES;
				GCC_WARN_UNINITIALIZED_AUTOS = YES_AGGRESSIVE;
				GCC_WARN_UNUSED_FUNCTION = YES;
				GCC_WARN_UNUSED_VARIABLE = YES;
				IPHONEOS_DEPLOYMENT_TARGET = 11.4;
				MTL_ENABLE_DEBUG_INFO = YES;
				ONLY_ACTIVE_ARCH = YES;
				SDKROOT = iphoneos;
				SWIFT_ACTIVE_COMPILATION_CONDITIONS = DEBUG;
				SWIFT_OPTIMIZATION_LEVEL = "-Onone";
			};
			name = Debug;
		};
		04EA5DCE2147A80E00AE1587 /* Release */ = {
			isa = XCBuildConfiguration;
			buildSettings = {
				ALWAYS_SEARCH_USER_PATHS = NO;
				CLANG_ANALYZER_NONNULL = YES;
				CLANG_ANALYZER_NUMBER_OBJECT_CONVERSION = YES_AGGRESSIVE;
				CLANG_CXX_LANGUAGE_STANDARD = "gnu++14";
				CLANG_CXX_LIBRARY = "libc++";
				CLANG_ENABLE_MODULES = YES;
				CLANG_ENABLE_OBJC_ARC = YES;
				CLANG_ENABLE_OBJC_WEAK = YES;
				CLANG_WARN_BLOCK_CAPTURE_AUTORELEASING = YES;
				CLANG_WARN_BOOL_CONVERSION = YES;
				CLANG_WARN_COMMA = YES;
				CLANG_WARN_CONSTANT_CONVERSION = YES;
				CLANG_WARN_DEPRECATED_OBJC_IMPLEMENTATIONS = YES;
				CLANG_WARN_DIRECT_OBJC_ISA_USAGE = YES_ERROR;
				CLANG_WARN_DOCUMENTATION_COMMENTS = YES;
				CLANG_WARN_EMPTY_BODY = YES;
				CLANG_WARN_ENUM_CONVERSION = YES;
				CLANG_WARN_INFINITE_RECURSION = YES;
				CLANG_WARN_INT_CONVERSION = YES;
				CLANG_WARN_NON_LITERAL_NULL_CONVERSION = YES;
				CLANG_WARN_OBJC_IMPLICIT_RETAIN_SELF = YES;
				CLANG_WARN_OBJC_LITERAL_CONVERSION = YES;
				CLANG_WARN_OBJC_ROOT_CLASS = YES_ERROR;
				CLANG_WARN_RANGE_LOOP_ANALYSIS = YES;
				CLANG_WARN_STRICT_PROTOTYPES = YES;
				CLANG_WARN_SUSPICIOUS_MOVE = YES;
				CLANG_WARN_UNGUARDED_AVAILABILITY = YES_AGGRESSIVE;
				CLANG_WARN_UNREACHABLE_CODE = YES;
				CLANG_WARN__DUPLICATE_METHOD_MATCH = YES;
				CODE_SIGN_IDENTITY = "iPhone Developer";
				COPY_PHASE_STRIP = NO;
				DEBUG_INFORMATION_FORMAT = "dwarf-with-dsym";
				ENABLE_NS_ASSERTIONS = NO;
				ENABLE_STRICT_OBJC_MSGSEND = YES;
				GCC_C_LANGUAGE_STANDARD = gnu11;
				GCC_NO_COMMON_BLOCKS = YES;
				GCC_WARN_64_TO_32_BIT_CONVERSION = YES;
				GCC_WARN_ABOUT_RETURN_TYPE = YES_ERROR;
				GCC_WARN_UNDECLARED_SELECTOR = YES;
				GCC_WARN_UNINITIALIZED_AUTOS = YES_AGGRESSIVE;
				GCC_WARN_UNUSED_FUNCTION = YES;
				GCC_WARN_UNUSED_VARIABLE = YES;
				IPHONEOS_DEPLOYMENT_TARGET = 11.4;
				MTL_ENABLE_DEBUG_INFO = NO;
				SDKROOT = iphoneos;
				SWIFT_COMPILATION_MODE = wholemodule;
				SWIFT_OPTIMIZATION_LEVEL = "-O";
				VALIDATE_PRODUCT = YES;
			};
			name = Release;
		};
		04EA5DD02147A80E00AE1587 /* Debug */ = {
			isa = XCBuildConfiguration;
			baseConfigurationReference = 9F4DA0E142795FAFF69B48A9 /* Pods-Whoewx3YExample.debug.xcconfig */;
			buildSettings = {
				ASSETCATALOG_COMPILER_APPICON_NAME = AppIcon;
				CODE_SIGN_STYLE = Automatic;
				INFOPLIST_FILE = Whoewx3YExample/Info.plist;
				LD_RUNPATH_SEARCH_PATHS = (
					"$(inherited)",
					"@executable_path/Frameworks",
				);
				PRODUCT_BUNDLE_IDENTIFIER = th.co.Whoewx3YExample;
				PRODUCT_NAME = "$(TARGET_NAME)";
				SWIFT_VERSION = 4.0;
				TARGETED_DEVICE_FAMILY = "1,2";
			};
			name = Debug;
		};
		04EA5DD12147A80E00AE1587 /* Release */ = {
			isa = XCBuildConfiguration;
			baseConfigurationReference = 4E78EA214F6A6109884874CB /* Pods-Whoewx3YExample.release.xcconfig */;
			buildSettings = {
				ASSETCATALOG_COMPILER_APPICON_NAME = AppIcon;
				CODE_SIGN_STYLE = Automatic;
				INFOPLIST_FILE = Whoewx3YExample/Info.plist;
				LD_RUNPATH_SEARCH_PATHS = (
					"$(inherited)",
					"@executable_path/Frameworks",
				);
				PRODUCT_BUNDLE_IDENTIFIER = th.co.Whoewx3YExample;
				PRODUCT_NAME = "$(TARGET_NAME)";
				SWIFT_VERSION = 4.0;
				TARGETED_DEVICE_FAMILY = "1,2";
			};
			name = Release;
		};
/* End XCBuildConfiguration section */

/* Begin XCConfigurationList section */
		04EA5DB82147A80C00AE1587 /* Build configuration list for PBXProject "Whoewx3yExample" */ = {
			isa = XCConfigurationList;
			buildConfigurations = (
				04EA5DCD2147A80E00AE1587 /* Debug */,
				04EA5DCE2147A80E00AE1587 /* Release */,
			);
			defaultConfigurationIsVisible = 0;
			defaultConfigurationName = Release;
		};
		04EA5DCF2147A80E00AE1587 /* Build configuration list for PBXNativeTarget "Whoewx3YExample" */ = {
			isa = XCConfigurationList;
			buildConfigurations = (
				04EA5DD02147A80E00AE1587 /* Debug */,
				04EA5DD12147A80E00AE1587 /* Release */,
			);
			defaultConfigurationIsVisible = 0;
			defaultConfigurationName = Release;
		};
/* End XCConfigurationList section */
	};
	rootObject = 04EA5DB52147A80C00AE1587 /* Project object */;
}
